
Microsoft Visual Studio Solution File, Format Version 12.00
# Visual Studio Version 17
VisualStudioVersion = 17.3.32929.385
MinimumVisualStudioVersion = 10.0.40219.1
Project("{FAE04EC0-301F-11D3-BF4B-00C04F79EFBC}") = "ProductoProject", "ProductoProject\ProductoProject.csproj", "{9E3D580C-3313-4782-A34E-579CD929EAFB}"
EndProject
Global
	GlobalSection(SolutionConfigurationPlatforms) = preSolution
		Debug|Any CPU = Debug|Any CPU
		Release|Any CPU = Release|Any CPU
	EndGlobalSection
	GlobalSection(ProjectConfigurationPlatforms) = postSolution
		{9E3D580C-3313-4782-A34E-579CD929EAFB}.Debug|Any CPU.ActiveCfg = Debug|Any CPU
		{9E3D580C-3313-4782-A34E-579CD929EAFB}.Debug|Any CPU.Build.0 = Debug|Any CPU
		{9E3D580C-3313-4782-A34E-579CD929EAFB}.Release|Any CPU.ActiveCfg = Release|Any CPU
		{9E3D580C-3313-4782-A34E-579CD929EAFB}.Release|Any CPU.Build.0 = Release|Any CPU
	EndGlobalSection
	GlobalSection(SolutionProperties) = preSolution
		HideSolutionNode = FALSE
	EndGlobalSection
	GlobalSection(ExtensibilityGlobals) = postSolution
		SolutionGuid = {3EE5AEE6-2412-4137-AA4B-07EC671DC79B}
	EndGlobalSection
EndGlobal
